
Microsoft Visual Studio Solution File, Format Version 12.00
# Visual Studio Version 17
VisualStudioVersion = 17.12.35514.174
MinimumVisualStudioVersion = 10.0.40219.1
Project("{FAE04EC0-301F-11D3-BF4B-00C04F79EFBC}") = "Mpex.WebApi", "Mpex.WebApi\Mpex.WebApi.csproj", "{CE57ABB7-13FE-4DBA-B2B0-B1E9F53D5646}"
EndProject
Project("{FAE04EC0-301F-11D3-BF4B-00C04F79EFBC}") = "Mpex.WebApi.Infrastructure", "Mpex.WebAPI.Infrastructure\Mpex.WebApi.Infrastructure.csproj", "{7BF0A490-900D-471C-B142-3C638A1A2EE4}"
EndProject
Project("{FAE04EC0-301F-11D3-BF4B-00C04F79EFBC}") = "Mpex.WebApi.ViewModels", "Mpex.WebAPI.ViewModels\Mpex.WebApi.ViewModels.csproj", "{5E9F4D9A-AF6B-4FA5-84ED-4B6648201E01}"
EndProject
Project("{FAE04EC0-301F-11D3-BF4B-00C04F79EFBC}") = "Mpex.Data", "Mpex.Data\Mpex.Data.csproj", "{3794B7AE-36FB-4CB9-9A3F-231BDC9D4D4D}"
EndProject
Project("{FAE04EC0-301F-11D3-BF4B-00C04F79EFBC}") = "Mpex.Data.Models", "Mpex.Data.Models\Mpex.Data.Models.csproj", "{BB1AC96A-35CC-4774-8D67-4976CCF8B144}"
EndProject
Project("{FAE04EC0-301F-11D3-BF4B-00C04F79EFBC}") = "Mpex.Services", "Mpex.Services.Data\Mpex.Services.csproj", "{1259B1F8-8F02-4A34-9771-E777E9019F67}"
EndProject
Project("{FAE04EC0-301F-11D3-BF4B-00C04F79EFBC}") = "Mpex.Common", "Mpex.Common\Mpex.Common.csproj", "{6B43DCFD-C1A3-4D06-8A11-130AF22E8C85}"
EndProject
Project("{2150E333-8FDC-42A3-9474-1A3956D46DE8}") = "Data", "Data", "{FFE762F6-5ADB-4BEB-BDD8-5C5E7E4792A2}"
EndProject
Project("{2150E333-8FDC-42A3-9474-1A3956D46DE8}") = "Services", "Services", "{BE5C95ED-99DC-4DA6-BE5D-3ECDC427AAE9}"
EndProject
Project("{2150E333-8FDC-42A3-9474-1A3956D46DE8}") = "Web", "Web", "{32652BD6-0105-4F42-87C4-CB64148B0288}"
EndProject
Global
	GlobalSection(SolutionConfigurationPlatforms) = preSolution
		Debug|Any CPU = Debug|Any CPU
		Release|Any CPU = Release|Any CPU
	EndGlobalSection
	GlobalSection(ProjectConfigurationPlatforms) = postSolution
		{CE57ABB7-13FE-4DBA-B2B0-B1E9F53D5646}.Debug|Any CPU.ActiveCfg = Debug|Any CPU
		{CE57ABB7-13FE-4DBA-B2B0-B1E9F53D5646}.Debug|Any CPU.Build.0 = Debug|Any CPU
		{CE57ABB7-13FE-4DBA-B2B0-B1E9F53D5646}.Release|Any CPU.ActiveCfg = Release|Any CPU
		{CE57ABB7-13FE-4DBA-B2B0-B1E9F53D5646}.Release|Any CPU.Build.0 = Release|Any CPU
		{7BF0A490-900D-471C-B142-3C638A1A2EE4}.Debug|Any CPU.ActiveCfg = Debug|Any CPU
		{7BF0A490-900D-471C-B142-3C638A1A2EE4}.Debug|Any CPU.Build.0 = Debug|Any CPU
		{7BF0A490-900D-471C-B142-3C638A1A2EE4}.Release|Any CPU.ActiveCfg = Release|Any CPU
		{7BF0A490-900D-471C-B142-3C638A1A2EE4}.Release|Any CPU.Build.0 = Release|Any CPU
		{5E9F4D9A-AF6B-4FA5-84ED-4B6648201E01}.Debug|Any CPU.ActiveCfg = Debug|Any CPU
		{5E9F4D9A-AF6B-4FA5-84ED-4B6648201E01}.Debug|Any CPU.Build.0 = Debug|Any CPU
		{5E9F4D9A-AF6B-4FA5-84ED-4B6648201E01}.Release|Any CPU.ActiveCfg = Release|Any CPU
		{5E9F4D9A-AF6B-4FA5-84ED-4B6648201E01}.Release|Any CPU.Build.0 = Release|Any CPU
		{3794B7AE-36FB-4CB9-9A3F-231BDC9D4D4D}.Debug|Any CPU.ActiveCfg = Debug|Any CPU
		{3794B7AE-36FB-4CB9-9A3F-231BDC9D4D4D}.Debug|Any CPU.Build.0 = Debug|Any CPU
		{3794B7AE-36FB-4CB9-9A3F-231BDC9D4D4D}.Release|Any CPU.ActiveCfg = Release|Any CPU
		{3794B7AE-36FB-4CB9-9A3F-231BDC9D4D4D}.Release|Any CPU.Build.0 = Release|Any CPU
		{BB1AC96A-35CC-4774-8D67-4976CCF8B144}.Debug|Any CPU.ActiveCfg = Debug|Any CPU
		{BB1AC96A-35CC-4774-8D67-4976CCF8B144}.Debug|Any CPU.Build.0 = Debug|Any CPU
		{BB1AC96A-35CC-4774-8D67-4976CCF8B144}.Release|Any CPU.ActiveCfg = Release|Any CPU
		{BB1AC96A-35CC-4774-8D67-4976CCF8B144}.Release|Any CPU.Build.0 = Release|Any CPU
		{1259B1F8-8F02-4A34-9771-E777E9019F67}.Debug|Any CPU.ActiveCfg = Debug|Any CPU
		{1259B1F8-8F02-4A34-9771-E777E9019F67}.Debug|Any CPU.Build.0 = Debug|Any CPU
		{1259B1F8-8F02-4A34-9771-E777E9019F67}.Release|Any CPU.ActiveCfg = Release|Any CPU
		{1259B1F8-8F02-4A34-9771-E777E9019F67}.Release|Any CPU.Build.0 = Release|Any CPU
		{6B43DCFD-C1A3-4D06-8A11-130AF22E8C85}.Debug|Any CPU.ActiveCfg = Debug|Any CPU
		{6B43DCFD-C1A3-4D06-8A11-130AF22E8C85}.Debug|Any CPU.Build.0 = Debug|Any CPU
		{6B43DCFD-C1A3-4D06-8A11-130AF22E8C85}.Release|Any CPU.ActiveCfg = Release|Any CPU
		{6B43DCFD-C1A3-4D06-8A11-130AF22E8C85}.Release|Any CPU.Build.0 = Release|Any CPU
	EndGlobalSection
	GlobalSection(SolutionProperties) = preSolution
		HideSolutionNode = FALSE
	EndGlobalSection
	GlobalSection(NestedProjects) = preSolution
		{CE57ABB7-13FE-4DBA-B2B0-B1E9F53D5646} = {32652BD6-0105-4F42-87C4-CB64148B0288}
		{7BF0A490-900D-471C-B142-3C638A1A2EE4} = {32652BD6-0105-4F42-87C4-CB64148B0288}
		{5E9F4D9A-AF6B-4FA5-84ED-4B6648201E01} = {32652BD6-0105-4F42-87C4-CB64148B0288}
		{3794B7AE-36FB-4CB9-9A3F-231BDC9D4D4D} = {FFE762F6-5ADB-4BEB-BDD8-5C5E7E4792A2}
		{BB1AC96A-35CC-4774-8D67-4976CCF8B144} = {FFE762F6-5ADB-4BEB-BDD8-5C5E7E4792A2}
		{1259B1F8-8F02-4A34-9771-E777E9019F67} = {BE5C95ED-99DC-4DA6-BE5D-3ECDC427AAE9}
	EndGlobalSection
EndGlobal
