
Microsoft Visual Studio Solution File, Format Version 12.00
# Visual Studio Version 17
VisualStudioVersion = 17.11.35219.272
MinimumVisualStudioVersion = 10.0.40219.1
Project("{9A19103F-16F7-4668-BE54-9A1E7A4F7556}") = "MpexWebApi", "MpexWebApi\MpexWebApi.csproj", "{5F97E79A-B121-4B18-9A6E-41EC0AD6A702}"
EndProject
Project("{FAE04EC0-301F-11D3-BF4B-00C04F79EFBC}") = "MpexWebApi.Core", "MpexWebApi.Core\MpexWebApi.Core.csproj", "{96A664AD-6303-4EA2-9123-69FFE37C7E36}"
EndProject
Project("{FAE04EC0-301F-11D3-BF4B-00C04F79EFBC}") = "MpexWebApi.Infrastructure", "MpexWebApi.Infrastructure\MpexWebApi.Infrastructure.csproj", "{D595E489-EF45-4FC3-8761-C9DDB083F7CD}"
EndProject
Global
	GlobalSection(SolutionConfigurationPlatforms) = preSolution
		Debug|Any CPU = Debug|Any CPU
		Release|Any CPU = Release|Any CPU
	EndGlobalSection
	GlobalSection(ProjectConfigurationPlatforms) = postSolution
		{5F97E79A-B121-4B18-9A6E-41EC0AD6A702}.Debug|Any CPU.ActiveCfg = Debug|Any CPU
		{5F97E79A-B121-4B18-9A6E-41EC0AD6A702}.Debug|Any CPU.Build.0 = Debug|Any CPU
		{5F97E79A-B121-4B18-9A6E-41EC0AD6A702}.Release|Any CPU.ActiveCfg = Release|Any CPU
		{5F97E79A-B121-4B18-9A6E-41EC0AD6A702}.Release|Any CPU.Build.0 = Release|Any CPU
		{96A664AD-6303-4EA2-9123-69FFE37C7E36}.Debug|Any CPU.ActiveCfg = Debug|Any CPU
		{96A664AD-6303-4EA2-9123-69FFE37C7E36}.Debug|Any CPU.Build.0 = Debug|Any CPU
		{96A664AD-6303-4EA2-9123-69FFE37C7E36}.Release|Any CPU.ActiveCfg = Release|Any CPU
		{96A664AD-6303-4EA2-9123-69FFE37C7E36}.Release|Any CPU.Build.0 = Release|Any CPU
		{D595E489-EF45-4FC3-8761-C9DDB083F7CD}.Debug|Any CPU.ActiveCfg = Debug|Any CPU
		{D595E489-EF45-4FC3-8761-C9DDB083F7CD}.Debug|Any CPU.Build.0 = Debug|Any CPU
		{D595E489-EF45-4FC3-8761-C9DDB083F7CD}.Release|Any CPU.ActiveCfg = Release|Any CPU
		{D595E489-EF45-4FC3-8761-C9DDB083F7CD}.Release|Any CPU.Build.0 = Release|Any CPU
	EndGlobalSection
	GlobalSection(SolutionProperties) = preSolution
		HideSolutionNode = FALSE
	EndGlobalSection
	GlobalSection(ExtensibilityGlobals) = postSolution
		SolutionGuid = {D6B40C57-B7F6-41F6-A3F6-10F058FDE423}
	EndGlobalSection
EndGlobal
